// !$*UTF8*$!
{
	archiveVersion = 1;
	classes = {
	};
	objectVersion = 46;
	objects = {

/* Begin PBXBuildFile section */
		3222AA4C1D172DB300029DFE /* Date+DateFormatter.swift in Sources */ = {isa = PBXBuildFile; fileRef = 3222AA4B1D172DB300029DFE /* Date+DateFormatter.swift */; };
		32AD12CA1D12FF79005A1677 /* AppDelegate.swift in Sources */ = {isa = PBXBuildFile; fileRef = 32AD12C91D12FF79005A1677 /* AppDelegate.swift */; };
		32AD12CC1D12FF79005A1677 /* ViewController.swift in Sources */ = {isa = PBXBuildFile; fileRef = 32AD12CB1D12FF79005A1677 /* ViewController.swift */; };
		32AD12CF1D12FF79005A1677 /* Main.storyboard in Resources */ = {isa = PBXBuildFile; fileRef = 32AD12CD1D12FF79005A1677 /* Main.storyboard */; };
		32AD12D11D12FF79005A1677 /* Assets.xcassets in Resources */ = {isa = PBXBuildFile; fileRef = 32AD12D01D12FF79005A1677 /* Assets.xcassets */; };
		32AD12D41D12FF79005A1677 /* LaunchScreen.storyboard in Resources */ = {isa = PBXBuildFile; fileRef = 32AD12D21D12FF79005A1677 /* LaunchScreen.storyboard */; };
		32AD12E01D130052005A1677 /* DateFormatterProvider.swift in Sources */ = {isa = PBXBuildFile; fileRef = 32AD12DF1D130052005A1677 /* DateFormatterProvider.swift */; };
		32AD12E21D1300E7005A1677 /* DateFormatter+Configuration.swift in Sources */ = {isa = PBXBuildFile; fileRef = 32AD12E11D1300E7005A1677 /* DateFormatter+Configuration.swift */; };
		32AD12EA1D130254005A1677 /* NovemberTests.swift in Sources */ = {isa = PBXBuildFile; fileRef = 32AD12E91D130254005A1677 /* NovemberTests.swift */; };
		32AD12F21D132853005A1677 /* NSDate+App.swift in Sources */ = {isa = PBXBuildFile; fileRef = 32AD12F11D132853005A1677 /* NSDate+App.swift */; };
/* End PBXBuildFile section */

/* Begin PBXContainerItemProxy section */
		32AD12EC1D130254005A1677 /* PBXContainerItemProxy */ = {
			isa = PBXContainerItemProxy;
			containerPortal = 32AD12BE1D12FF78005A1677 /* Project object */;
			proxyType = 1;
			remoteGlobalIDString = 32AD12C51D12FF78005A1677;
			remoteInfo = MGEDateFormatter;
		};
/* End PBXContainerItemProxy section */

/* Begin PBXFileReference section */
		3222AA4B1D172DB300029DFE /* Date+DateFormatter.swift */ = {isa = PBXFileReference; fileEncoding = 4; lastKnownFileType = sourcecode.swift; path = "Date+DateFormatter.swift"; sourceTree = "<group>"; };
		32AD12C61D12FF79005A1677 /* November.app */ = {isa = PBXFileReference; explicitFileType = wrapper.application; includeInIndex = 0; path = November.app; sourceTree = BUILT_PRODUCTS_DIR; };
		32AD12C91D12FF79005A1677 /* AppDelegate.swift */ = {isa = PBXFileReference; lastKnownFileType = sourcecode.swift; path = AppDelegate.swift; sourceTree = "<group>"; };
		32AD12CB1D12FF79005A1677 /* ViewController.swift */ = {isa = PBXFileReference; lastKnownFileType = sourcecode.swift; path = ViewController.swift; sourceTree = "<group>"; };
		32AD12CE1D12FF79005A1677 /* Base */ = {isa = PBXFileReference; lastKnownFileType = file.storyboard; name = Base; path = Base.lproj/Main.storyboard; sourceTree = "<group>"; };
		32AD12D01D12FF79005A1677 /* Assets.xcassets */ = {isa = PBXFileReference; lastKnownFileType = folder.assetcatalog; path = Assets.xcassets; sourceTree = "<group>"; };
		32AD12D31D12FF79005A1677 /* Base */ = {isa = PBXFileReference; lastKnownFileType = file.storyboard; name = Base; path = Base.lproj/LaunchScreen.storyboard; sourceTree = "<group>"; };
		32AD12D51D12FF79005A1677 /* Info.plist */ = {isa = PBXFileReference; lastKnownFileType = text.plist.xml; path = Info.plist; sourceTree = "<group>"; };
		32AD12DF1D130052005A1677 /* DateFormatterProvider.swift */ = {isa = PBXFileReference; fileEncoding = 4; lastKnownFileType = sourcecode.swift; path = DateFormatterProvider.swift; sourceTree = "<group>"; };
		32AD12E11D1300E7005A1677 /* DateFormatter+Configuration.swift */ = {isa = PBXFileReference; fileEncoding = 4; lastKnownFileType = sourcecode.swift; path = "DateFormatter+Configuration.swift"; sourceTree = "<group>"; };
		32AD12E71D130254005A1677 /* NovemberTests.xctest */ = {isa = PBXFileReference; explicitFileType = wrapper.cfbundle; includeInIndex = 0; path = NovemberTests.xctest; sourceTree = BUILT_PRODUCTS_DIR; };
		32AD12E91D130254005A1677 /* NovemberTests.swift */ = {isa = PBXFileReference; lastKnownFileType = sourcecode.swift; path = NovemberTests.swift; sourceTree = "<group>"; };
		32AD12EB1D130254005A1677 /* Info.plist */ = {isa = PBXFileReference; lastKnownFileType = text.plist.xml; path = Info.plist; sourceTree = "<group>"; };
		32AD12F11D132853005A1677 /* NSDate+App.swift */ = {isa = PBXFileReference; fileEncoding = 4; lastKnownFileType = sourcecode.swift; path = "NSDate+App.swift"; sourceTree = "<group>"; };
/* End PBXFileReference section */

/* Begin PBXFrameworksBuildPhase section */
		32AD12C31D12FF78005A1677 /* Frameworks */ = {
			isa = PBXFrameworksBuildPhase;
			buildActionMask = 2147483647;
			files = (
			);
			runOnlyForDeploymentPostprocessing = 0;
		};
		32AD12E41D130254005A1677 /* Frameworks */ = {
			isa = PBXFrameworksBuildPhase;
			buildActionMask = 2147483647;
			files = (
			);
			runOnlyForDeploymentPostprocessing = 0;
		};
/* End PBXFrameworksBuildPhase section */

/* Begin PBXGroup section */
		32AD12BD1D12FF78005A1677 = {
			isa = PBXGroup;
			children = (
				32AD12C81D12FF79005A1677 /* November */,
				32AD12E81D130254005A1677 /* NovemberTests */,
				32AD12C71D12FF79005A1677 /* Products */,
			);
			sourceTree = "<group>";
		};
		32AD12C71D12FF79005A1677 /* Products */ = {
			isa = PBXGroup;
			children = (
				32AD12C61D12FF79005A1677 /* November.app */,
				32AD12E71D130254005A1677 /* NovemberTests.xctest */,
			);
			name = Products;
			sourceTree = "<group>";
		};
		32AD12C81D12FF79005A1677 /* November */ = {
			isa = PBXGroup;
			children = (
				32AD12C91D12FF79005A1677 /* AppDelegate.swift */,
				32AD12CB1D12FF79005A1677 /* ViewController.swift */,
				32AD12F11D132853005A1677 /* NSDate+App.swift */,
				32AD12DE1D130047005A1677 /* November */,
				32AD12CD1D12FF79005A1677 /* Main.storyboard */,
				32AD12D01D12FF79005A1677 /* Assets.xcassets */,
				32AD12D21D12FF79005A1677 /* LaunchScreen.storyboard */,
				32AD12D51D12FF79005A1677 /* Info.plist */,
			);
			path = November;
			sourceTree = "<group>";
		};
		32AD12DE1D130047005A1677 /* November */ = {
			isa = PBXGroup;
			children = (
				3222AA4B1D172DB300029DFE /* Date+DateFormatter.swift */,
				32AD12DF1D130052005A1677 /* DateFormatterProvider.swift */,
				32AD12E11D1300E7005A1677 /* DateFormatter+Configuration.swift */,
			);
			path = November;
			sourceTree = "<group>";
		};
		32AD12E81D130254005A1677 /* NovemberTests */ = {
			isa = PBXGroup;
			children = (
				32AD12E91D130254005A1677 /* NovemberTests.swift */,
				32AD12EB1D130254005A1677 /* Info.plist */,
			);
			path = NovemberTests;
			sourceTree = "<group>";
		};
/* End PBXGroup section */

/* Begin PBXNativeTarget section */
		32AD12C51D12FF78005A1677 /* November */ = {
			isa = PBXNativeTarget;
			buildConfigurationList = 32AD12D81D12FF79005A1677 /* Build configuration list for PBXNativeTarget "November" */;
			buildPhases = (
				32AD12C21D12FF78005A1677 /* Sources */,
				32AD12C31D12FF78005A1677 /* Frameworks */,
				32AD12C41D12FF78005A1677 /* Resources */,
			);
			buildRules = (
			);
			dependencies = (
			);
			name = November;
			productName = MGEDateFormatter;
			productReference = 32AD12C61D12FF79005A1677 /* November.app */;
			productType = "com.apple.product-type.application";
		};
		32AD12E61D130254005A1677 /* NovemberTests */ = {
			isa = PBXNativeTarget;
			buildConfigurationList = 32AD12F01D130254005A1677 /* Build configuration list for PBXNativeTarget "NovemberTests" */;
			buildPhases = (
				32AD12E31D130254005A1677 /* Sources */,
				32AD12E41D130254005A1677 /* Frameworks */,
				32AD12E51D130254005A1677 /* Resources */,
			);
			buildRules = (
			);
			dependencies = (
				32AD12ED1D130254005A1677 /* PBXTargetDependency */,
			);
			name = NovemberTests;
			productName = MGEDateFormatterTests;
			productReference = 32AD12E71D130254005A1677 /* NovemberTests.xctest */;
			productType = "com.apple.product-type.bundle.unit-test";
		};
/* End PBXNativeTarget section */

/* Begin PBXProject section */
		32AD12BE1D12FF78005A1677 /* Project object */ = {
			isa = PBXProject;
			attributes = {
				LastSwiftUpdateCheck = 0730;
				LastUpgradeCheck = 1020;
				ORGANIZATIONNAME = manuege;
				TargetAttributes = {
					32AD12C51D12FF78005A1677 = {
						CreatedOnToolsVersion = 7.3.1;
						ProvisioningStyle = Manual;
					};
					32AD12E61D130254005A1677 = {
						CreatedOnToolsVersion = 7.3.1;
						DevelopmentTeam = CF864KN2XE;
						DevelopmentTeamName = "Manuel Garcia-Estan Martinez";
						LastSwiftMigration = 1020;
						TestTargetID = 32AD12C51D12FF78005A1677;
					};
				};
			};
			buildConfigurationList = 32AD12C11D12FF78005A1677 /* Build configuration list for PBXProject "November" */;
			compatibilityVersion = "Xcode 3.2";
			developmentRegion = en;
			hasScannedForEncodings = 0;
			knownRegions = (
				en,
				Base,
			);
			mainGroup = 32AD12BD1D12FF78005A1677;
			productRefGroup = 32AD12C71D12FF79005A1677 /* Products */;
			projectDirPath = "";
			projectRoot = "";
			targets = (
				32AD12C51D12FF78005A1677 /* November */,
				32AD12E61D130254005A1677 /* NovemberTests */,
			);
		};
/* End PBXProject section */

/* Begin PBXResourcesBuildPhase section */
		32AD12C41D12FF78005A1677 /* Resources */ = {
			isa = PBXResourcesBuildPhase;
			buildActionMask = 2147483647;
			files = (
				32AD12D41D12FF79005A1677 /* LaunchScreen.storyboard in Resources */,
				32AD12D11D12FF79005A1677 /* Assets.xcassets in Resources */,
				32AD12CF1D12FF79005A1677 /* Main.storyboard in Resources */,
			);
			runOnlyForDeploymentPostprocessing = 0;
		};
		32AD12E51D130254005A1677 /* Resources */ = {
			isa = PBXResourcesBuildPhase;
			buildActionMask = 2147483647;
			files = (
			);
			runOnlyForDeploymentPostprocessing = 0;
		};
/* End PBXResourcesBuildPhase section */

/* Begin PBXSourcesBuildPhase section */
		32AD12C21D12FF78005A1677 /* Sources */ = {
			isa = PBXSourcesBuildPhase;
			buildActionMask = 2147483647;
			files = (
				32AD12F21D132853005A1677 /* NSDate+App.swift in Sources */,
				3222AA4C1D172DB300029DFE /* Date+DateFormatter.swift in Sources */,
				32AD12E21D1300E7005A1677 /* DateFormatter+Configuration.swift in Sources */,
				32AD12CC1D12FF79005A1677 /* ViewController.swift in Sources */,
				32AD12E01D130052005A1677 /* DateFormatterProvider.swift in Sources */,
				32AD12CA1D12FF79005A1677 /* AppDelegate.swift in Sources */,
			);
			runOnlyForDeploymentPostprocessing = 0;
		};
		32AD12E31D130254005A1677 /* Sources */ = {
			isa = PBXSourcesBuildPhase;
			buildActionMask = 2147483647;
			files = (
				32AD12EA1D130254005A1677 /* NovemberTests.swift in Sources */,
			);
			runOnlyForDeploymentPostprocessing = 0;
		};
/* End PBXSourcesBuildPhase section */

/* Begin PBXTargetDependency section */
		32AD12ED1D130254005A1677 /* PBXTargetDependency */ = {
			isa = PBXTargetDependency;
			target = 32AD12C51D12FF78005A1677 /* November */;
			targetProxy = 32AD12EC1D130254005A1677 /* PBXContainerItemProxy */;
		};
/* End PBXTargetDependency section */

/* Begin PBXVariantGroup section */
		32AD12CD1D12FF79005A1677 /* Main.storyboard */ = {
			isa = PBXVariantGroup;
			children = (
				32AD12CE1D12FF79005A1677 /* Base */,
			);
			name = Main.storyboard;
			sourceTree = "<group>";
		};
		32AD12D21D12FF79005A1677 /* LaunchScreen.storyboard */ = {
			isa = PBXVariantGroup;
			children = (
				32AD12D31D12FF79005A1677 /* Base */,
			);
			name = LaunchScreen.storyboard;
			sourceTree = "<group>";
		};
/* End PBXVariantGroup section */

/* Begin XCBuildConfiguration section */
		32AD12D61D12FF79005A1677 /* Debug */ = {
			isa = XCBuildConfiguration;
			buildSettings = {
				ALWAYS_SEARCH_USER_PATHS = NO;
				CLANG_ANALYZER_NONNULL = YES;
				CLANG_CXX_LANGUAGE_STANDARD = "gnu++0x";
				CLANG_CXX_LIBRARY = "libc++";
				CLANG_ENABLE_MODULES = YES;
				CLANG_ENABLE_OBJC_ARC = YES;
				CLANG_WARN_BLOCK_CAPTURE_AUTORELEASING = YES;
				CLANG_WARN_BOOL_CONVERSION = YES;
				CLANG_WARN_COMMA = YES;
				CLANG_WARN_CONSTANT_CONVERSION = YES;
				CLANG_WARN_DEPRECATED_OBJC_IMPLEMENTATIONS = YES;
				CLANG_WARN_DIRECT_OBJC_ISA_USAGE = YES_ERROR;
				CLANG_WARN_EMPTY_BODY = YES;
				CLANG_WARN_ENUM_CONVERSION = YES;
				CLANG_WARN_INFINITE_RECURSION = YES;
				CLANG_WARN_INT_CONVERSION = YES;
				CLANG_WARN_NON_LITERAL_NULL_CONVERSION = YES;
				CLANG_WARN_OBJC_IMPLICIT_RETAIN_SELF = YES;
				CLANG_WARN_OBJC_LITERAL_CONVERSION = YES;
				CLANG_WARN_OBJC_ROOT_CLASS = YES_ERROR;
				CLANG_WARN_RANGE_LOOP_ANALYSIS = YES;
				CLANG_WARN_STRICT_PROTOTYPES = YES;
				CLANG_WARN_SUSPICIOUS_MOVE = YES;
				CLANG_WARN_UNREACHABLE_CODE = YES;
				CLANG_WARN__DUPLICATE_METHOD_MATCH = YES;
				"CODE_SIGN_IDENTITY[sdk=iphoneos*]" = "iPhone Developer";
				COPY_PHASE_STRIP = NO;
				DEBUG_INFORMATION_FORMAT = dwarf;
				ENABLE_STRICT_OBJC_MSGSEND = YES;
				ENABLE_TESTABILITY = YES;
				GCC_C_LANGUAGE_STANDARD = gnu99;
				GCC_DYNAMIC_NO_PIC = NO;
				GCC_NO_COMMON_BLOCKS = YES;
				GCC_OPTIMIZATION_LEVEL = 0;
				GCC_PREPROCESSOR_DEFINITIONS = (
					"DEBUG=1",
					"$(inherited)",
				);
				GCC_WARN_64_TO_32_BIT_CONVERSION = YES;
				GCC_WARN_ABOUT_RETURN_TYPE = YES_ERROR;
				GCC_WARN_UNDECLARED_SELECTOR = YES;
				GCC_WARN_UNINITIALIZED_AUTOS = YES_AGGRESSIVE;
				GCC_WARN_UNUSED_FUNCTION = YES;
				GCC_WARN_UNUSED_VARIABLE = YES;
				IPHONEOS_DEPLOYMENT_TARGET = 9.3;
				MTL_ENABLE_DEBUG_INFO = YES;
				ONLY_ACTIVE_ARCH = YES;
				SDKROOT = iphoneos;
				SWIFT_OPTIMIZATION_LEVEL = "-Onone";
				SWIFT_VERSION = 5.0;
			};
			name = Debug;
		};
		32AD12D71D12FF79005A1677 /* Release */ = {
			isa = XCBuildConfiguration;
			buildSettings = {
				ALWAYS_SEARCH_USER_PATHS = NO;
				CLANG_ANALYZER_NONNULL = YES;
				CLANG_CXX_LANGUAGE_STANDARD = "gnu++0x";
				CLANG_CXX_LIBRARY = "libc++";
				CLANG_ENABLE_MODULES = YES;
				CLANG_ENABLE_OBJC_ARC = YES;
				CLANG_WARN_BLOCK_CAPTURE_AUTORELEASING = YES;
				CLANG_WARN_BOOL_CONVERSION = YES;
				CLANG_WARN_COMMA = YES;
				CLANG_WARN_CONSTANT_CONVERSION = YES;
				CLANG_WARN_DEPRECATED_OBJC_IMPLEMENTATIONS = YES;
				CLANG_WARN_DIRECT_OBJC_ISA_USAGE = YES_ERROR;
				CLANG_WARN_EMPTY_BODY = YES;
				CLANG_WARN_ENUM_CONVERSION = YES;
				CLANG_WARN_INFINITE_RECURSION = YES;
				CLANG_WARN_INT_CONVERSION = YES;
				CLANG_WARN_NON_LITERAL_NULL_CONVERSION = YES;
				CLANG_WARN_OBJC_IMPLICIT_RETAIN_SELF = YES;
				CLANG_WARN_OBJC_LITERAL_CONVERSION = YES;
				CLANG_WARN_OBJC_ROOT_CLASS = YES_ERROR;
				CLANG_WARN_RANGE_LOOP_ANALYSIS = YES;
				CLANG_WARN_STRICT_PROTOTYPES = YES;
				CLANG_WARN_SUSPICIOUS_MOVE = YES;
				CLANG_WARN_UNREACHABLE_CODE = YES;
				CLANG_WARN__DUPLICATE_METHOD_MATCH = YES;
				"CODE_SIGN_IDENTITY[sdk=iphoneos*]" = "iPhone Developer";
				COPY_PHASE_STRIP = NO;
				DEBUG_INFORMATION_FORMAT = "dwarf-with-dsym";
				ENABLE_NS_ASSERTIONS = NO;
				ENABLE_STRICT_OBJC_MSGSEND = YES;
				GCC_C_LANGUAGE_STANDARD = gnu99;
				GCC_NO_COMMON_BLOCKS = YES;
				GCC_WARN_64_TO_32_BIT_CONVERSION = YES;
				GCC_WARN_ABOUT_RETURN_TYPE = YES_ERROR;
				GCC_WARN_UNDECLARED_SELECTOR = YES;
				GCC_WARN_UNINITIALIZED_AUTOS = YES_AGGRESSIVE;
				GCC_WARN_UNUSED_FUNCTION = YES;
				GCC_WARN_UNUSED_VARIABLE = YES;
				IPHONEOS_DEPLOYMENT_TARGET = 9.3;
				MTL_ENABLE_DEBUG_INFO = NO;
				SDKROOT = iphoneos;
				SWIFT_VERSION = 5.0;
				VALIDATE_PRODUCT = YES;
			};
			name = Release;
		};
		32AD12D91D12FF79005A1677 /* Debug */ = {
			isa = XCBuildConfiguration;
			buildSettings = {
				ASSETCATALOG_COMPILER_APPICON_NAME = AppIcon;
				"CODE_SIGN_IDENTITY[sdk=iphoneos*]" = "iPhone Developer";
				CODE_SIGN_STYLE = Manual;
				DEVELOPMENT_TEAM = "";
				INFOPLIST_FILE = November/Info.plist;
				LD_RUNPATH_SEARCH_PATHS = "$(inherited) @executable_path/Frameworks";
				PRODUCT_BUNDLE_IDENTIFIER = com.manuege.november;
				PRODUCT_NAME = "$(TARGET_NAME)";
				PROVISIONING_PROFILE_SPECIFIER = "";
			};
			name = Debug;
		};
		32AD12DA1D12FF79005A1677 /* Release */ = {
			isa = XCBuildConfiguration;
			buildSettings = {
				ASSETCATALOG_COMPILER_APPICON_NAME = AppIcon;
				"CODE_SIGN_IDENTITY[sdk=iphoneos*]" = "iPhone Developer";
				CODE_SIGN_STYLE = Manual;
				DEVELOPMENT_TEAM = "";
				INFOPLIST_FILE = November/Info.plist;
				LD_RUNPATH_SEARCH_PATHS = "$(inherited) @executable_path/Frameworks";
				PRODUCT_BUNDLE_IDENTIFIER = com.manuege.november;
				PRODUCT_NAME = "$(TARGET_NAME)";
				PROVISIONING_PROFILE_SPECIFIER = "";
				SWIFT_OPTIMIZATION_LEVEL = "-Owholemodule";
			};
			name = Release;
		};
		32AD12EE1D130254005A1677 /* Debug */ = {
			isa = XCBuildConfiguration;
			buildSettings = {
				BUNDLE_LOADER = "$(TEST_HOST)";
				INFOPLIST_FILE = November/Info.plist;
				LD_RUNPATH_SEARCH_PATHS = "$(inherited) @executable_path/Frameworks @loader_path/Frameworks";
				PRODUCT_BUNDLE_IDENTIFIER = "com.manuege.november-tests";
				PRODUCT_NAME = "$(TARGET_NAME)";
				TEST_HOST = "$(BUILT_PRODUCTS_DIR)/November.app/November";
			};
			name = Debug;
		};
		32AD12EF1D130254005A1677 /* Release */ = {
			isa = XCBuildConfiguration;
			buildSettings = {
				BUNDLE_LOADER = "$(TEST_HOST)";
				INFOPLIST_FILE = November/Info.plist;
				LD_RUNPATH_SEARCH_PATHS = "$(inherited) @executable_path/Frameworks @loader_path/Frameworks";
				PRODUCT_BUNDLE_IDENTIFIER = "com.manuege.november-tests";
				PRODUCT_NAME = "$(TARGET_NAME)";
				SWIFT_OPTIMIZATION_LEVEL = "-Owholemodule";
				TEST_HOST = "$(BUILT_PRODUCTS_DIR)/November.app/November";
			};
			name = Release;
		};
/* End XCBuildConfiguration section */

/* Begin XCConfigurationList section */
		32AD12C11D12FF78005A1677 /* Build configuration list for PBXProject "November" */ = {
			isa = XCConfigurationList;
			buildConfigurations = (
				32AD12D61D12FF79005A1677 /* Debug */,
				32AD12D71D12FF79005A1677 /* Release */,
			);
			defaultConfigurationIsVisible = 0;
			defaultConfigurationName = Release;
		};
		32AD12D81D12FF79005A1677 /* Build configuration list for PBXNativeTarget "November" */ = {
			isa = XCConfigurationList;
			buildConfigurations = (
				32AD12D91D12FF79005A1677 /* Debug */,
				32AD12DA1D12FF79005A1677 /* Release */,
			);
			defaultConfigurationIsVisible = 0;
			defaultConfigurationName = Release;
		};
		32AD12F01D130254005A1677 /* Build configuration list for PBXNativeTarget "NovemberTests" */ = {
			isa = XCConfigurationList;
			buildConfigurations = (
				32AD12EE1D130254005A1677 /* Debug */,
				32AD12EF1D130254005A1677 /* Release */,
			);
			defaultConfigurationIsVisible = 0;
			defaultConfigurationName = Release;
		};
/* End XCConfigurationList section */
	};
	rootObject = 32AD12BE1D12FF78005A1677 /* Project object */;
}
